
Microsoft Visual Studio Solution File, Format Version 12.00
# Visual Studio Version 17
VisualStudioVersion = 17.4.33103.184
MinimumVisualStudioVersion = 10.0.40219.1
Project("{FAE04EC0-301F-11D3-BF4B-00C04F79EFBC}") = "Healthy_Clinic_Manha_Edu", "Healthy_Clinic_Manha_Edu.csproj", "{061F6856-CF57-44B2-8128-87E90AB737D3}"
EndProject
Global
	GlobalSection(SolutionConfigurationPlatforms) = preSolution
		Debug|Any CPU = Debug|Any CPU
		Release|Any CPU = Release|Any CPU
	EndGlobalSection
	GlobalSection(ProjectConfigurationPlatforms) = postSolution
		{061F6856-CF57-44B2-8128-87E90AB737D3}.Debug|Any CPU.ActiveCfg = Debug|Any CPU
		{061F6856-CF57-44B2-8128-87E90AB737D3}.Debug|Any CPU.Build.0 = Debug|Any CPU
		{061F6856-CF57-44B2-8128-87E90AB737D3}.Release|Any CPU.ActiveCfg = Release|Any CPU
		{061F6856-CF57-44B2-8128-87E90AB737D3}.Release|Any CPU.Build.0 = Release|Any CPU
	EndGlobalSection
	GlobalSection(SolutionProperties) = preSolution
		HideSolutionNode = FALSE
	EndGlobalSection
	GlobalSection(ExtensibilityGlobals) = postSolution
		SolutionGuid = {1BC28AF4-FA67-49CA-AF4A-C6ACD2611655}
	EndGlobalSection
EndGlobal
